
Microsoft Visual Studio Solution File, Format Version 12.00
# Visual Studio Version 16
VisualStudioVersion = 16.0.34114.132
MinimumVisualStudioVersion = 10.0.40219.1
Project("{FAE04EC0-301F-11D3-BF4B-00C04F79EFBC}") = "Run4Health", "Run4Health\Run4Health.csproj", "{91A81AA2-196C-41BA-9AC5-7A0EA181ECA9}"
EndProject
Global
	GlobalSection(SolutionConfigurationPlatforms) = preSolution
		Debug|Any CPU = Debug|Any CPU
		Release|Any CPU = Release|Any CPU
	EndGlobalSection
	GlobalSection(ProjectConfigurationPlatforms) = postSolution
		{91A81AA2-196C-41BA-9AC5-7A0EA181ECA9}.Debug|Any CPU.ActiveCfg = Debug|Any CPU
		{91A81AA2-196C-41BA-9AC5-7A0EA181ECA9}.Debug|Any CPU.Build.0 = Debug|Any CPU
		{91A81AA2-196C-41BA-9AC5-7A0EA181ECA9}.Debug|Any CPU.Deploy.0 = Debug|Any CPU
		{91A81AA2-196C-41BA-9AC5-7A0EA181ECA9}.Release|Any CPU.ActiveCfg = Release|Any CPU
		{91A81AA2-196C-41BA-9AC5-7A0EA181ECA9}.Release|Any CPU.Build.0 = Release|Any CPU
		{91A81AA2-196C-41BA-9AC5-7A0EA181ECA9}.Release|Any CPU.Deploy.0 = Release|Any CPU
	EndGlobalSection
	GlobalSection(SolutionProperties) = preSolution
		HideSolutionNode = FALSE
	EndGlobalSection
	GlobalSection(ExtensibilityGlobals) = postSolution
		SolutionGuid = {6274CB27-C097-42D1-B09E-7EA9F56C7BB7}
	EndGlobalSection
EndGlobal
