
Microsoft Visual Studio Solution File, Format Version 12.00
# Visual Studio Version 16
VisualStudioVersion = 16.0.34114.132
MinimumVisualStudioVersion = 10.0.40219.1
Project("{FAE04EC0-301F-11D3-BF4B-00C04F79EFBC}") = "Run4HealthPro", "Run4HealthPro\Run4HealthPro.csproj", "{9EA9B7BE-E029-4D53-8D1C-C7DC3C7314FF}"
EndProject
Global
	GlobalSection(SolutionConfigurationPlatforms) = preSolution
		Debug|Any CPU = Debug|Any CPU
		Release|Any CPU = Release|Any CPU
	EndGlobalSection
	GlobalSection(ProjectConfigurationPlatforms) = postSolution
		{9EA9B7BE-E029-4D53-8D1C-C7DC3C7314FF}.Debug|Any CPU.ActiveCfg = Debug|Any CPU
		{9EA9B7BE-E029-4D53-8D1C-C7DC3C7314FF}.Debug|Any CPU.Build.0 = Debug|Any CPU
		{9EA9B7BE-E029-4D53-8D1C-C7DC3C7314FF}.Debug|Any CPU.Deploy.0 = Debug|Any CPU
		{9EA9B7BE-E029-4D53-8D1C-C7DC3C7314FF}.Release|Any CPU.ActiveCfg = Release|Any CPU
		{9EA9B7BE-E029-4D53-8D1C-C7DC3C7314FF}.Release|Any CPU.Build.0 = Release|Any CPU
		{9EA9B7BE-E029-4D53-8D1C-C7DC3C7314FF}.Release|Any CPU.Deploy.0 = Release|Any CPU
	EndGlobalSection
	GlobalSection(SolutionProperties) = preSolution
		HideSolutionNode = FALSE
	EndGlobalSection
	GlobalSection(ExtensibilityGlobals) = postSolution
		SolutionGuid = {3A1871BF-20E7-45C4-B43D-9C5DE99A168D}
	EndGlobalSection
EndGlobal
